// !$*UTF8*$!
{
	archiveVersion = 1;
	classes = {
	};
	objectVersion = 46;
	objects = {

/* Begin PBXBuildFile section */
		16D9992527A052977DBC3462 /* Pods.framework in Frameworks */ = {isa = PBXBuildFile; fileRef = 0604641F6207EDAC5EF6279A /* Pods.framework */; settings = {ATTRIBUTES = (Weak, ); }; };
		1A7562FD1BAE67A7002BABA8 /* cat2.jpg in Resources */ = {isa = PBXBuildFile; fileRef = 1A7562FC1BAE67A7002BABA8 /* cat2.jpg */; settings = {ASSET_TAGS = (); }; };
		1A7562FF1BAE67DD002BABA8 /* cat3.jpg in Resources */ = {isa = PBXBuildFile; fileRef = 1A7562FE1BAE67DD002BABA8 /* cat3.jpg */; settings = {ASSET_TAGS = (); }; };
		1AE72CEE1BADE0FB006F5F8E /* NetworkBinaryTreeView.swift in Sources */ = {isa = PBXBuildFile; fileRef = 1AE72CEC1BADE0FB006F5F8E /* NetworkBinaryTreeView.swift */; };
		1AE72CEF1BADE0FB006F5F8E /* NetworkBinaryTreeViewController.swift in Sources */ = {isa = PBXBuildFile; fileRef = 1AE72CED1BADE0FB006F5F8E /* NetworkBinaryTreeViewController.swift */; };
		A531A9411BAD9A05007A4D98 /* iconmonstr-linkedin-3-icon-24.png in Resources */ = {isa = PBXBuildFile; fileRef = A531A93F1BAD9A05007A4D98 /* iconmonstr-linkedin-3-icon-24.png */; };
		A531A9441BAD9A7B007A4D98 /* iconmonstr-github-3-icon-24.png in Resources */ = {isa = PBXBuildFile; fileRef = A531A9431BAD9A7B007A4D98 /* iconmonstr-github-3-icon-24.png */; };
		A5B4DA9C1BAD16900070BFB5 /* MainTableViewController.swift in Sources */ = {isa = PBXBuildFile; fileRef = A5B4DA9B1BAD16900070BFB5 /* MainTableViewController.swift */; };
		A5B4DAA01BAD89640070BFB5 /* iconmonstr-twitter-3-icon-24.png in Resources */ = {isa = PBXBuildFile; fileRef = A5B4DA9F1BAD89640070BFB5 /* iconmonstr-twitter-3-icon-24.png */; };
		A5B4DAA21BAD8B930070BFB5 /* iconmonstr-facebook-3-icon-24.png in Resources */ = {isa = PBXBuildFile; fileRef = A5B4DAA11BAD8B930070BFB5 /* iconmonstr-facebook-3-icon-24.png */; };
		A5DFAF321BAD9FF100FF1BF0 /* StatsViewController.swift in Sources */ = {isa = PBXBuildFile; fileRef = A5DFAF311BAD9FF100FF1BF0 /* StatsViewController.swift */; };
		DC51FC751BAD13F000E09780 /* AppDelegate.swift in Sources */ = {isa = PBXBuildFile; fileRef = DC51FC741BAD13F000E09780 /* AppDelegate.swift */; };
		DC51FC7A1BAD13F000E09780 /* Main.storyboard in Resources */ = {isa = PBXBuildFile; fileRef = DC51FC781BAD13F000E09780 /* Main.storyboard */; };
		DC51FC7C1BAD13F000E09780 /* Assets.xcassets in Resources */ = {isa = PBXBuildFile; fileRef = DC51FC7B1BAD13F000E09780 /* Assets.xcassets */; };
		DC51FC7F1BAD13F000E09780 /* LaunchScreen.storyboard in Resources */ = {isa = PBXBuildFile; fileRef = DC51FC7D1BAD13F000E09780 /* LaunchScreen.storyboard */; };
		DC51FC871BAD14E400E09780 /* MPCManager.swift in Sources */ = {isa = PBXBuildFile; fileRef = DC51FC861BAD14E400E09780 /* MPCManager.swift */; };
		DC51FC891BAD161500E09780 /* ContactObject.swift in Sources */ = {isa = PBXBuildFile; fileRef = DC51FC881BAD161500E09780 /* ContactObject.swift */; };
		DC51FC8B1BAD1FD400E09780 /* stevo.png in Resources */ = {isa = PBXBuildFile; fileRef = DC51FC8A1BAD1FD400E09780 /* stevo.png */; };
		DC68FA711BAEB6EF001D11A7 /* addedAll.png in Resources */ = {isa = PBXBuildFile; fileRef = DC68FA6F1BAEB6EF001D11A7 /* addedAll.png */; settings = {ASSET_TAGS = (); }; };
		DC68FA721BAEB6EF001D11A7 /* addedContacts.png in Resources */ = {isa = PBXBuildFile; fileRef = DC68FA701BAEB6EF001D11A7 /* addedContacts.png */; settings = {ASSET_TAGS = (); }; };
		DCAE22B31BAE16DE002AFFBD /* placeholder.jpeg in Resources */ = {isa = PBXBuildFile; fileRef = DCAE22B21BAE16DE002AFFBD /* placeholder.jpeg */; settings = {ASSET_TAGS = (); }; };
		DCC8B95D1BADB42600158218 /* ContactInputFormViewController.swift in Sources */ = {isa = PBXBuildFile; fileRef = DCC8B95C1BADB42600158218 /* ContactInputFormViewController.swift */; };
		DCE59DC61BAD7F950076D0C3 /* ContactTableViewCell.swift in Sources */ = {isa = PBXBuildFile; fileRef = DCE59DC51BAD7F950076D0C3 /* ContactTableViewCell.swift */; };
		DCE59DC81BAD8D530076D0C3 /* DetailContactViewController.swift in Sources */ = {isa = PBXBuildFile; fileRef = DCE59DC71BAD8D530076D0C3 /* DetailContactViewController.swift */; };
		DCE59DCA1BADA5A10076D0C3 /* ContactsManager.swift in Sources */ = {isa = PBXBuildFile; fileRef = DCE59DC91BADA5A10076D0C3 /* ContactsManager.swift */; };
/* End PBXBuildFile section */

/* Begin PBXFileReference section */
		0604641F6207EDAC5EF6279A /* Pods.framework */ = {isa = PBXFileReference; explicitFileType = wrapper.framework; includeInIndex = 0; path = Pods.framework; sourceTree = BUILT_PRODUCTS_DIR; };
		1A7562FC1BAE67A7002BABA8 /* cat2.jpg */ = {isa = PBXFileReference; lastKnownFileType = image.jpeg; path = cat2.jpg; sourceTree = "<group>"; };
		1A7562FE1BAE67DD002BABA8 /* cat3.jpg */ = {isa = PBXFileReference; lastKnownFileType = image.jpeg; path = cat3.jpg; sourceTree = "<group>"; };
		1AE72CEC1BADE0FB006F5F8E /* NetworkBinaryTreeView.swift */ = {isa = PBXFileReference; fileEncoding = 4; lastKnownFileType = sourcecode.swift; path = NetworkBinaryTreeView.swift; sourceTree = "<group>"; };
		1AE72CED1BADE0FB006F5F8E /* NetworkBinaryTreeViewController.swift */ = {isa = PBXFileReference; fileEncoding = 4; lastKnownFileType = sourcecode.swift; path = NetworkBinaryTreeViewController.swift; sourceTree = "<group>"; };
		4D230C0B3E5EF829D2C8B6A7 /* Pods.release.xcconfig */ = {isa = PBXFileReference; includeInIndex = 1; lastKnownFileType = text.xcconfig; name = Pods.release.xcconfig; path = "Pods/Target Support Files/Pods/Pods.release.xcconfig"; sourceTree = "<group>"; };
		A531A93F1BAD9A05007A4D98 /* iconmonstr-linkedin-3-icon-24.png */ = {isa = PBXFileReference; lastKnownFileType = image.png; path = "iconmonstr-linkedin-3-icon-24.png"; sourceTree = "<group>"; };
		A531A9431BAD9A7B007A4D98 /* iconmonstr-github-3-icon-24.png */ = {isa = PBXFileReference; lastKnownFileType = image.png; path = "iconmonstr-github-3-icon-24.png"; sourceTree = "<group>"; };
		A5B4DA9B1BAD16900070BFB5 /* MainTableViewController.swift */ = {isa = PBXFileReference; fileEncoding = 4; lastKnownFileType = sourcecode.swift; path = MainTableViewController.swift; sourceTree = "<group>"; };
		A5B4DA9F1BAD89640070BFB5 /* iconmonstr-twitter-3-icon-24.png */ = {isa = PBXFileReference; lastKnownFileType = image.png; path = "iconmonstr-twitter-3-icon-24.png"; sourceTree = "<group>"; };
		A5B4DAA11BAD8B930070BFB5 /* iconmonstr-facebook-3-icon-24.png */ = {isa = PBXFileReference; lastKnownFileType = image.png; path = "iconmonstr-facebook-3-icon-24.png"; sourceTree = "<group>"; };
		A5DFAF311BAD9FF100FF1BF0 /* StatsViewController.swift */ = {isa = PBXFileReference; fileEncoding = 4; lastKnownFileType = sourcecode.swift; path = StatsViewController.swift; sourceTree = "<group>"; };
		DC51FC711BAD13F000E09780 /* MeshWork.app */ = {isa = PBXFileReference; explicitFileType = wrapper.application; includeInIndex = 0; path = MeshWork.app; sourceTree = BUILT_PRODUCTS_DIR; };
		DC51FC741BAD13F000E09780 /* AppDelegate.swift */ = {isa = PBXFileReference; lastKnownFileType = sourcecode.swift; path = AppDelegate.swift; sourceTree = "<group>"; };
		DC51FC791BAD13F000E09780 /* Base */ = {isa = PBXFileReference; lastKnownFileType = file.storyboard; name = Base; path = Base.lproj/Main.storyboard; sourceTree = "<group>"; };
		DC51FC7B1BAD13F000E09780 /* Assets.xcassets */ = {isa = PBXFileReference; lastKnownFileType = folder.assetcatalog; path = Assets.xcassets; sourceTree = "<group>"; };
		DC51FC7E1BAD13F000E09780 /* Base */ = {isa = PBXFileReference; lastKnownFileType = file.storyboard; name = Base; path = Base.lproj/LaunchScreen.storyboard; sourceTree = "<group>"; };
		DC51FC801BAD13F000E09780 /* Info.plist */ = {isa = PBXFileReference; lastKnownFileType = text.plist.xml; path = Info.plist; sourceTree = "<group>"; };
		DC51FC861BAD14E400E09780 /* MPCManager.swift */ = {isa = PBXFileReference; fileEncoding = 4; lastKnownFileType = sourcecode.swift; path = MPCManager.swift; sourceTree = "<group>"; };
		DC51FC881BAD161500E09780 /* ContactObject.swift */ = {isa = PBXFileReference; fileEncoding = 4; lastKnownFileType = sourcecode.swift; path = ContactObject.swift; sourceTree = "<group>"; };
		DC51FC8A1BAD1FD400E09780 /* stevo.png */ = {isa = PBXFileReference; lastKnownFileType = image.png; path = stevo.png; sourceTree = "<group>"; };
		DC68FA6F1BAEB6EF001D11A7 /* addedAll.png */ = {isa = PBXFileReference; lastKnownFileType = image.png; path = addedAll.png; sourceTree = "<group>"; };
		DC68FA701BAEB6EF001D11A7 /* addedContacts.png */ = {isa = PBXFileReference; lastKnownFileType = image.png; path = addedContacts.png; sourceTree = "<group>"; };
		DCAE22B21BAE16DE002AFFBD /* placeholder.jpeg */ = {isa = PBXFileReference; lastKnownFileType = image.jpeg; path = placeholder.jpeg; sourceTree = "<group>"; };
		DCC8B95C1BADB42600158218 /* ContactInputFormViewController.swift */ = {isa = PBXFileReference; fileEncoding = 4; lastKnownFileType = sourcecode.swift; path = ContactInputFormViewController.swift; sourceTree = "<group>"; };
		DCE59DC51BAD7F950076D0C3 /* ContactTableViewCell.swift */ = {isa = PBXFileReference; fileEncoding = 4; lastKnownFileType = sourcecode.swift; path = ContactTableViewCell.swift; sourceTree = "<group>"; };
		DCE59DC71BAD8D530076D0C3 /* DetailContactViewController.swift */ = {isa = PBXFileReference; fileEncoding = 4; lastKnownFileType = sourcecode.swift; path = DetailContactViewController.swift; sourceTree = "<group>"; };
		DCE59DC91BADA5A10076D0C3 /* ContactsManager.swift */ = {isa = PBXFileReference; fileEncoding = 4; lastKnownFileType = sourcecode.swift; path = ContactsManager.swift; sourceTree = "<group>"; };
		F9048B09E1CB0F25D28690E9 /* Pods.debug.xcconfig */ = {isa = PBXFileReference; includeInIndex = 1; lastKnownFileType = text.xcconfig; name = Pods.debug.xcconfig; path = "Pods/Target Support Files/Pods/Pods.debug.xcconfig"; sourceTree = "<group>"; };
/* End PBXFileReference section */

/* Begin PBXFrameworksBuildPhase section */
		DC51FC6E1BAD13F000E09780 /* Frameworks */ = {
			isa = PBXFrameworksBuildPhase;
			buildActionMask = 2147483647;
			files = (
				16D9992527A052977DBC3462 /* Pods.framework in Frameworks */,
			);
			runOnlyForDeploymentPostprocessing = 0;
		};
/* End PBXFrameworksBuildPhase section */

/* Begin PBXGroup section */
		0B7605D40E5A696F1617DA72 /* Pods */ = {
			isa = PBXGroup;
			children = (
				F9048B09E1CB0F25D28690E9 /* Pods.debug.xcconfig */,
				4D230C0B3E5EF829D2C8B6A7 /* Pods.release.xcconfig */,
			);
			name = Pods;
			sourceTree = "<group>";
		};
		AEC472CFDB6F0D437B9A89E3 /* Frameworks */ = {
			isa = PBXGroup;
			children = (
				0604641F6207EDAC5EF6279A /* Pods.framework */,
			);
			name = Frameworks;
			sourceTree = "<group>";
		};
		DC51FC681BAD13F000E09780 = {
			isa = PBXGroup;
			children = (
				DC51FC731BAD13F000E09780 /* MeshWork */,
				DC51FC721BAD13F000E09780 /* Products */,
				0B7605D40E5A696F1617DA72 /* Pods */,
				AEC472CFDB6F0D437B9A89E3 /* Frameworks */,
			);
			sourceTree = "<group>";
		};
		DC51FC721BAD13F000E09780 /* Products */ = {
			isa = PBXGroup;
			children = (
				DC51FC711BAD13F000E09780 /* MeshWork.app */,
			);
			name = Products;
			sourceTree = "<group>";
		};
		DC51FC731BAD13F000E09780 /* MeshWork */ = {
			isa = PBXGroup;
			children = (
				A5DFAF311BAD9FF100FF1BF0 /* StatsViewController.swift */,
				1AE72CEC1BADE0FB006F5F8E /* NetworkBinaryTreeView.swift */,
				DCAE22B21BAE16DE002AFFBD /* placeholder.jpeg */,
				1A7562FC1BAE67A7002BABA8 /* cat2.jpg */,
				1A7562FE1BAE67DD002BABA8 /* cat3.jpg */,
				1AE72CED1BADE0FB006F5F8E /* NetworkBinaryTreeViewController.swift */,
				DC51FC741BAD13F000E09780 /* AppDelegate.swift */,
				DC51FC861BAD14E400E09780 /* MPCManager.swift */,
				DC51FC881BAD161500E09780 /* ContactObject.swift */,
				DCE59DC51BAD7F950076D0C3 /* ContactTableViewCell.swift */,
				DCE59DC91BADA5A10076D0C3 /* ContactsManager.swift */,
				DCE59DC71BAD8D530076D0C3 /* DetailContactViewController.swift */,
				DC51FC8A1BAD1FD400E09780 /* stevo.png */,
				DC51FC781BAD13F000E09780 /* Main.storyboard */,
				DC68FA6F1BAEB6EF001D11A7 /* addedAll.png */,
				DC68FA701BAEB6EF001D11A7 /* addedContacts.png */,
				DCC8B95C1BADB42600158218 /* ContactInputFormViewController.swift */,
				A5B4DA9B1BAD16900070BFB5 /* MainTableViewController.swift */,
				DC51FC7B1BAD13F000E09780 /* Assets.xcassets */,
				A5B4DA9F1BAD89640070BFB5 /* iconmonstr-twitter-3-icon-24.png */,
				A531A93F1BAD9A05007A4D98 /* iconmonstr-linkedin-3-icon-24.png */,
				A531A9431BAD9A7B007A4D98 /* iconmonstr-github-3-icon-24.png */,
				A5B4DAA11BAD8B930070BFB5 /* iconmonstr-facebook-3-icon-24.png */,
				DC51FC7D1BAD13F000E09780 /* LaunchScreen.storyboard */,
				DC51FC801BAD13F000E09780 /* Info.plist */,
			);
			path = MeshWork;
			sourceTree = "<group>";
		};
/* End PBXGroup section */

/* Begin PBXNativeTarget section */
		DC51FC701BAD13F000E09780 /* MeshWork */ = {
			isa = PBXNativeTarget;
			buildConfigurationList = DC51FC831BAD13F000E09780 /* Build configuration list for PBXNativeTarget "MeshWork" */;
			buildPhases = (
				5C8C7A0F42B4EF593F8C077C /* Check Pods Manifest.lock */,
				DC51FC6D1BAD13F000E09780 /* Sources */,
				DC51FC6E1BAD13F000E09780 /* Frameworks */,
				DC51FC6F1BAD13F000E09780 /* Resources */,
				1FDF8B937C42C2BE4BF442CC /* Embed Pods Frameworks */,
				0042AFA863ABE262BDAA9DB5 /* Copy Pods Resources */,
			);
			buildRules = (
			);
			dependencies = (
			);
			name = MeshWork;
			productName = MeshWork;
			productReference = DC51FC711BAD13F000E09780 /* MeshWork.app */;
			productType = "com.apple.product-type.application";
		};
/* End PBXNativeTarget section */

/* Begin PBXProject section */
		DC51FC691BAD13F000E09780 /* Project object */ = {
			isa = PBXProject;
			attributes = {
				LastSwiftUpdateCheck = 0700;
				LastUpgradeCheck = 0700;
				ORGANIZATIONNAME = "Stephen Melinyshyn";
				TargetAttributes = {
					DC51FC701BAD13F000E09780 = {
						CreatedOnToolsVersion = 7.0;
					};
				};
			};
			buildConfigurationList = DC51FC6C1BAD13F000E09780 /* Build configuration list for PBXProject "MeshWork" */;
			compatibilityVersion = "Xcode 3.2";
			developmentRegion = English;
			hasScannedForEncodings = 0;
			knownRegions = (
				en,
				Base,
			);
			mainGroup = DC51FC681BAD13F000E09780;
			productRefGroup = DC51FC721BAD13F000E09780 /* Products */;
			projectDirPath = "";
			projectRoot = "";
			targets = (
				DC51FC701BAD13F000E09780 /* MeshWork */,
			);
		};
/* End PBXProject section */

/* Begin PBXResourcesBuildPhase section */
		DC51FC6F1BAD13F000E09780 /* Resources */ = {
			isa = PBXResourcesBuildPhase;
			buildActionMask = 2147483647;
			files = (
				1A7562FF1BAE67DD002BABA8 /* cat3.jpg in Resources */,
				DCAE22B31BAE16DE002AFFBD /* placeholder.jpeg in Resources */,
				1A7562FD1BAE67A7002BABA8 /* cat2.jpg in Resources */,
				DC51FC7F1BAD13F000E09780 /* LaunchScreen.storyboard in Resources */,
				A531A9411BAD9A05007A4D98 /* iconmonstr-linkedin-3-icon-24.png in Resources */,
				A5B4DAA01BAD89640070BFB5 /* iconmonstr-twitter-3-icon-24.png in Resources */,
				DC68FA711BAEB6EF001D11A7 /* addedAll.png in Resources */,
				DC51FC8B1BAD1FD400E09780 /* stevo.png in Resources */,
				DC51FC7C1BAD13F000E09780 /* Assets.xcassets in Resources */,
				A5B4DAA21BAD8B930070BFB5 /* iconmonstr-facebook-3-icon-24.png in Resources */,
				DC68FA721BAEB6EF001D11A7 /* addedContacts.png in Resources */,
				DC51FC7A1BAD13F000E09780 /* Main.storyboard in Resources */,
				A531A9441BAD9A7B007A4D98 /* iconmonstr-github-3-icon-24.png in Resources */,
			);
			runOnlyForDeploymentPostprocessing = 0;
		};
/* End PBXResourcesBuildPhase section */

/* Begin PBXShellScriptBuildPhase section */
		0042AFA863ABE262BDAA9DB5 /* Copy Pods Resources */ = {
			isa = PBXShellScriptBuildPhase;
			buildActionMask = 2147483647;
			files = (
			);
			inputPaths = (
			);
			name = "Copy Pods Resources";
			outputPaths = (
			);
			runOnlyForDeploymentPostprocessing = 0;
			shellPath = /bin/sh;
			shellScript = "\"${SRCROOT}/Pods/Target Support Files/Pods/Pods-resources.sh\"\n";
			showEnvVarsInLog = 0;
		};
		1FDF8B937C42C2BE4BF442CC /* Embed Pods Frameworks */ = {
			isa = PBXShellScriptBuildPhase;
			buildActionMask = 2147483647;
			files = (
			);
			inputPaths = (
			);
			name = "Embed Pods Frameworks";
			outputPaths = (
			);
			runOnlyForDeploymentPostprocessing = 0;
			shellPath = /bin/sh;
			shellScript = "\"${SRCROOT}/Pods/Target Support Files/Pods/Pods-frameworks.sh\"\n";
			showEnvVarsInLog = 0;
		};
		5C8C7A0F42B4EF593F8C077C /* Check Pods Manifest.lock */ = {
			isa = PBXShellScriptBuildPhase;
			buildActionMask = 2147483647;
			files = (
			);
			inputPaths = (
			);
			name = "Check Pods Manifest.lock";
			outputPaths = (
			);
			runOnlyForDeploymentPostprocessing = 0;
			shellPath = /bin/sh;
			shellScript = "diff \"${PODS_ROOT}/../Podfile.lock\" \"${PODS_ROOT}/Manifest.lock\" > /dev/null\nif [[ $? != 0 ]] ; then\n    cat << EOM\nerror: The sandbox is not in sync with the Podfile.lock. Run 'pod install' or update your CocoaPods installation.\nEOM\n    exit 1\nfi\n";
			showEnvVarsInLog = 0;
		};
/* End PBXShellScriptBuildPhase section */

/* Begin PBXSourcesBuildPhase section */
		DC51FC6D1BAD13F000E09780 /* Sources */ = {
			isa = PBXSourcesBuildPhase;
			buildActionMask = 2147483647;
			files = (
				DC51FC891BAD161500E09780 /* ContactObject.swift in Sources */,
				DCE59DC61BAD7F950076D0C3 /* ContactTableViewCell.swift in Sources */,
				1AE72CEE1BADE0FB006F5F8E /* NetworkBinaryTreeView.swift in Sources */,
				1AE72CEF1BADE0FB006F5F8E /* NetworkBinaryTreeViewController.swift in Sources */,
				A5B4DA9C1BAD16900070BFB5 /* MainTableViewController.swift in Sources */,
				DC51FC751BAD13F000E09780 /* AppDelegate.swift in Sources */,
				A5DFAF321BAD9FF100FF1BF0 /* StatsViewController.swift in Sources */,
				DCC8B95D1BADB42600158218 /* ContactInputFormViewController.swift in Sources */,
				DCE59DC81BAD8D530076D0C3 /* DetailContactViewController.swift in Sources */,
				DC51FC871BAD14E400E09780 /* MPCManager.swift in Sources */,
				DCE59DCA1BADA5A10076D0C3 /* ContactsManager.swift in Sources */,
			);
			runOnlyForDeploymentPostprocessing = 0;
		};
/* End PBXSourcesBuildPhase section */

/* Begin PBXVariantGroup section */
		DC51FC781BAD13F000E09780 /* Main.storyboard */ = {
			isa = PBXVariantGroup;
			children = (
				DC51FC791BAD13F000E09780 /* Base */,
			);
			name = Main.storyboard;
			sourceTree = "<group>";
		};
		DC51FC7D1BAD13F000E09780 /* LaunchScreen.storyboard */ = {
			isa = PBXVariantGroup;
			children = (
				DC51FC7E1BAD13F000E09780 /* Base */,
			);
			name = LaunchScreen.storyboard;
			sourceTree = "<group>";
		};
/* End PBXVariantGroup section */

/* Begin XCBuildConfiguration section */
		DC51FC811BAD13F000E09780 /* Debug */ = {
			isa = XCBuildConfiguration;
			buildSettings = {
				ALWAYS_SEARCH_USER_PATHS = NO;
				CLANG_CXX_LANGUAGE_STANDARD = "gnu++0x";
				CLANG_CXX_LIBRARY = "libc++";
				CLANG_ENABLE_MODULES = YES;
				CLANG_ENABLE_OBJC_ARC = YES;
				CLANG_WARN_BOOL_CONVERSION = YES;
				CLANG_WARN_CONSTANT_CONVERSION = YES;
				CLANG_WARN_DIRECT_OBJC_ISA_USAGE = YES_ERROR;
				CLANG_WARN_EMPTY_BODY = YES;
				CLANG_WARN_ENUM_CONVERSION = YES;
				CLANG_WARN_INT_CONVERSION = YES;
				CLANG_WARN_OBJC_ROOT_CLASS = YES_ERROR;
				CLANG_WARN_UNREACHABLE_CODE = YES;
				CLANG_WARN__DUPLICATE_METHOD_MATCH = YES;
				"CODE_SIGN_IDENTITY[sdk=iphoneos*]" = "iPhone Developer";
				COPY_PHASE_STRIP = NO;
				DEBUG_INFORMATION_FORMAT = dwarf;
				ENABLE_STRICT_OBJC_MSGSEND = YES;
				ENABLE_TESTABILITY = YES;
				GCC_C_LANGUAGE_STANDARD = gnu99;
				GCC_DYNAMIC_NO_PIC = NO;
				GCC_NO_COMMON_BLOCKS = YES;
				GCC_OPTIMIZATION_LEVEL = 0;
				GCC_PREPROCESSOR_DEFINITIONS = (
					"DEBUG=1",
					"$(inherited)",
				);
				GCC_WARN_64_TO_32_BIT_CONVERSION = YES;
				GCC_WARN_ABOUT_RETURN_TYPE = YES_ERROR;
				GCC_WARN_UNDECLARED_SELECTOR = YES;
				GCC_WARN_UNINITIALIZED_AUTOS = YES_AGGRESSIVE;
				GCC_WARN_UNUSED_FUNCTION = YES;
				GCC_WARN_UNUSED_VARIABLE = YES;
				IPHONEOS_DEPLOYMENT_TARGET = 9.0;
				MTL_ENABLE_DEBUG_INFO = YES;
				ONLY_ACTIVE_ARCH = YES;
				SDKROOT = iphoneos;
				SWIFT_OPTIMIZATION_LEVEL = "-Onone";
				TARGETED_DEVICE_FAMILY = "1,2";
			};
			name = Debug;
		};
		DC51FC821BAD13F000E09780 /* Release */ = {
			isa = XCBuildConfiguration;
			buildSettings = {
				ALWAYS_SEARCH_USER_PATHS = NO;
				CLANG_CXX_LANGUAGE_STANDARD = "gnu++0x";
				CLANG_CXX_LIBRARY = "libc++";
				CLANG_ENABLE_MODULES = YES;
				CLANG_ENABLE_OBJC_ARC = YES;
				CLANG_WARN_BOOL_CONVERSION = YES;
				CLANG_WARN_CONSTANT_CONVERSION = YES;
				CLANG_WARN_DIRECT_OBJC_ISA_USAGE = YES_ERROR;
				CLANG_WARN_EMPTY_BODY = YES;
				CLANG_WARN_ENUM_CONVERSION = YES;
				CLANG_WARN_INT_CONVERSION = YES;
				CLANG_WARN_OBJC_ROOT_CLASS = YES_ERROR;
				CLANG_WARN_UNREACHABLE_CODE = YES;
				CLANG_WARN__DUPLICATE_METHOD_MATCH = YES;
				"CODE_SIGN_IDENTITY[sdk=iphoneos*]" = "iPhone Developer";
				COPY_PHASE_STRIP = NO;
				DEBUG_INFORMATION_FORMAT = "dwarf-with-dsym";
				ENABLE_NS_ASSERTIONS = NO;
				ENABLE_STRICT_OBJC_MSGSEND = YES;
				GCC_C_LANGUAGE_STANDARD = gnu99;
				GCC_NO_COMMON_BLOCKS = YES;
				GCC_WARN_64_TO_32_BIT_CONVERSION = YES;
				GCC_WARN_ABOUT_RETURN_TYPE = YES_ERROR;
				GCC_WARN_UNDECLARED_SELECTOR = YES;
				GCC_WARN_UNINITIALIZED_AUTOS = YES_AGGRESSIVE;
				GCC_WARN_UNUSED_FUNCTION = YES;
				GCC_WARN_UNUSED_VARIABLE = YES;
				IPHONEOS_DEPLOYMENT_TARGET = 9.0;
				MTL_ENABLE_DEBUG_INFO = NO;
				SDKROOT = iphoneos;
				TARGETED_DEVICE_FAMILY = "1,2";
				VALIDATE_PRODUCT = YES;
			};
			name = Release;
		};
		DC51FC841BAD13F000E09780 /* Debug */ = {
			isa = XCBuildConfiguration;
			baseConfigurationReference = F9048B09E1CB0F25D28690E9 /* Pods.debug.xcconfig */;
			buildSettings = {
				ASSETCATALOG_COMPILER_APPICON_NAME = AppIcon;
				INFOPLIST_FILE = MeshWork/Info.plist;
				LD_RUNPATH_SEARCH_PATHS = "$(inherited) @executable_path/Frameworks";
				PRODUCT_BUNDLE_IDENTIFIER = "Stephen-Melinyshyn.MeshWork";
				PRODUCT_NAME = "$(TARGET_NAME)";
			};
			name = Debug;
		};
		DC51FC851BAD13F000E09780 /* Release */ = {
			isa = XCBuildConfiguration;
			baseConfigurationReference = 4D230C0B3E5EF829D2C8B6A7 /* Pods.release.xcconfig */;
			buildSettings = {
				ASSETCATALOG_COMPILER_APPICON_NAME = AppIcon;
				INFOPLIST_FILE = MeshWork/Info.plist;
				LD_RUNPATH_SEARCH_PATHS = "$(inherited) @executable_path/Frameworks";
				PRODUCT_BUNDLE_IDENTIFIER = "Stephen-Melinyshyn.MeshWork";
				PRODUCT_NAME = "$(TARGET_NAME)";
			};
			name = Release;
		};
/* End XCBuildConfiguration section */

/* Begin XCConfigurationList section */
		DC51FC6C1BAD13F000E09780 /* Build configuration list for PBXProject "MeshWork" */ = {
			isa = XCConfigurationList;
			buildConfigurations = (
				DC51FC811BAD13F000E09780 /* Debug */,
				DC51FC821BAD13F000E09780 /* Release */,
			);
			defaultConfigurationIsVisible = 0;
			defaultConfigurationName = Release;
		};
		DC51FC831BAD13F000E09780 /* Build configuration list for PBXNativeTarget "MeshWork" */ = {
			isa = XCConfigurationList;
			buildConfigurations = (
				DC51FC841BAD13F000E09780 /* Debug */,
				DC51FC851BAD13F000E09780 /* Release */,
			);
			defaultConfigurationIsVisible = 0;
			defaultConfigurationName = Release;
		};
/* End XCConfigurationList section */
	};
	rootObject = DC51FC691BAD13F000E09780 /* Project object */;
}
